[[package]]
category = "main"
description = "Screen-scraping library"
name = "beautifulsoup4"
optional = false
python-versions = ">=3.6.0"
version = "4.11.1"

[package.dependencies]
soupsieve = ">1.2"

[[package]]
category = "main"
description = "A modern CSS selector implementation for Beautiful Soup."
name = "soupsieve"
optional = false
python-versions = ">=3.6"
version = "2.3.2.post1"

[metadata]
content-hash = "b12764debacdf8f4b08ced2c365f7d166be90f4f488f678e292fd56faa82d5ed"
python-versions = "^3.7"

[metadata.hashes]
beautifulsoup4 = ["58d5c3d29f5a36ffeb94f02f0d786cd53014cf9b3b3951d42e0080d8a9498d30", "ad9aa55b65ef2808eb405f46cf74df7fcb7044d5cbc26487f96eb2ef2e436693"]
soupsieve = ["3b2503d3c7084a42b1ebd08116e5f81aadfaea95863628c80a3b774a11b7c759", "fc53893b3da2c33de295667a0e19f078c14bf86544af307354de5fcf12a3f30d"]
